
Microsoft Visual Studio Solution File, Format Version 12.00
# Visual Studio 15
VisualStudioVersion = 15.0.27703.2018
MinimumVisualStudioVersion = 10.0.40219.1
Project("{FAE04EC0-301F-11D3-BF4B-00C04F79EFBC}") = "DemoCode", "DemoCode\DemoCode.csproj", "{7A8FE80C-6E58-4E96-803A-B497170B3D2F}"
EndProject
Project("{FAE04EC0-301F-11D3-BF4B-00C04F79EFBC}") = "DemoCode.Tests", "DemoCode.Tests\DemoCode.Tests.csproj", "{894DE2B9-4520-464B-BFB9-0D8C40697B78}"
EndProject
Global
	GlobalSection(SolutionConfigurationPlatforms) = preSolution
		Debug|Any CPU = Debug|Any CPU
		Release|Any CPU = Release|Any CPU
	EndGlobalSection
	GlobalSection(ProjectConfigurationPlatforms) = postSolution
		{7A8FE80C-6E58-4E96-803A-B497170B3D2F}.Debug|Any CPU.ActiveCfg = Debug|Any CPU
		{7A8FE80C-6E58-4E96-803A-B497170B3D2F}.Debug|Any CPU.Build.0 = Debug|Any CPU
		{7A8FE80C-6E58-4E96-803A-B497170B3D2F}.Release|Any CPU.ActiveCfg = Release|Any CPU
		{7A8FE80C-6E58-4E96-803A-B497170B3D2F}.Release|Any CPU.Build.0 = Release|Any CPU
		{894DE2B9-4520-464B-BFB9-0D8C40697B78}.Debug|Any CPU.ActiveCfg = Debug|Any CPU
		{894DE2B9-4520-464B-BFB9-0D8C40697B78}.Debug|Any CPU.Build.0 = Debug|Any CPU
		{894DE2B9-4520-464B-BFB9-0D8C40697B78}.Release|Any CPU.ActiveCfg = Release|Any CPU
		{894DE2B9-4520-464B-BFB9-0D8C40697B78}.Release|Any CPU.Build.0 = Release|Any CPU
	EndGlobalSection
	GlobalSection(SolutionProperties) = preSolution
		HideSolutionNode = FALSE
	EndGlobalSection
	GlobalSection(ExtensibilityGlobals) = postSolution
		SolutionGuid = {34F14D32-42C0-4760-BC16-7DD73F22405A}
	EndGlobalSection
EndGlobal
